
Microsoft Visual Studio Solution File, Format Version 12.00
# Visual Studio Version 17
VisualStudioVersion = 17.1.32421.90
MinimumVisualStudioVersion = 10.0.40219.1
Project("{FAE04EC0-301F-11D3-BF4B-00C04F79EFBC}") = "ProjetoElevadorJéssika", "TesteElevador\ProjetoElevadorJéssika.csproj", "{4535D449-3D4E-4210-8786-181E5A1F5716}"
EndProject
Global
	GlobalSection(SolutionConfigurationPlatforms) = preSolution
		Debug|Any CPU = Debug|Any CPU
		Release|Any CPU = Release|Any CPU
	EndGlobalSection
	GlobalSection(ProjectConfigurationPlatforms) = postSolution
		{4535D449-3D4E-4210-8786-181E5A1F5716}.Debug|Any CPU.ActiveCfg = Debug|Any CPU
		{4535D449-3D4E-4210-8786-181E5A1F5716}.Debug|Any CPU.Build.0 = Debug|Any CPU
		{4535D449-3D4E-4210-8786-181E5A1F5716}.Release|Any CPU.ActiveCfg = Release|Any CPU
		{4535D449-3D4E-4210-8786-181E5A1F5716}.Release|Any CPU.Build.0 = Release|Any CPU
	EndGlobalSection
	GlobalSection(SolutionProperties) = preSolution
		HideSolutionNode = FALSE
	EndGlobalSection
	GlobalSection(ExtensibilityGlobals) = postSolution
		SolutionGuid = {8DF58AAB-B7A1-4C89-9D42-9D4D7D27EEA0}
	EndGlobalSection
EndGlobal
